
Microsoft Visual Studio Solution File, Format Version 12.00
# Visual Studio Version 16
VisualStudioVersion = 16.0.29306.81
MinimumVisualStudioVersion = 10.0.40219.1
Project("{FAE04EC0-301F-11D3-BF4B-00C04F79EFBC}") = "AjaxPeopleTable", "AjaxPeopleTable\AjaxPeopleTable.csproj", "{E05AE4AD-6847-40F8-9CF2-A753CC640EF1}"
EndProject
Project("{FAE04EC0-301F-11D3-BF4B-00C04F79EFBC}") = "AjaxPeopleTable.Data", "AjaxPeopleTable.Data\AjaxPeopleTable.Data.csproj", "{BD8807B0-D401-4877-82EB-22AE34FA673E}"
EndProject
Global
	GlobalSection(SolutionConfigurationPlatforms) = preSolution
		Debug|Any CPU = Debug|Any CPU
		Release|Any CPU = Release|Any CPU
	EndGlobalSection
	GlobalSection(ProjectConfigurationPlatforms) = postSolution
		{E05AE4AD-6847-40F8-9CF2-A753CC640EF1}.Debug|Any CPU.ActiveCfg = Debug|Any CPU
		{E05AE4AD-6847-40F8-9CF2-A753CC640EF1}.Debug|Any CPU.Build.0 = Debug|Any CPU
		{E05AE4AD-6847-40F8-9CF2-A753CC640EF1}.Release|Any CPU.ActiveCfg = Release|Any CPU
		{E05AE4AD-6847-40F8-9CF2-A753CC640EF1}.Release|Any CPU.Build.0 = Release|Any CPU
		{BD8807B0-D401-4877-82EB-22AE34FA673E}.Debug|Any CPU.ActiveCfg = Debug|Any CPU
		{BD8807B0-D401-4877-82EB-22AE34FA673E}.Debug|Any CPU.Build.0 = Debug|Any CPU
		{BD8807B0-D401-4877-82EB-22AE34FA673E}.Release|Any CPU.ActiveCfg = Release|Any CPU
		{BD8807B0-D401-4877-82EB-22AE34FA673E}.Release|Any CPU.Build.0 = Release|Any CPU
	EndGlobalSection
	GlobalSection(SolutionProperties) = preSolution
		HideSolutionNode = FALSE
	EndGlobalSection
	GlobalSection(ExtensibilityGlobals) = postSolution
		SolutionGuid = {7C91D2F5-1092-485D-8943-647DA646E1C4}
	EndGlobalSection
EndGlobal
